<?xml version="1.0" encoding="utf-8"?>
<Project ToolsVersion="4.0" xmlns="http://schemas.microsoft.com/developer/msbuild/2003">
  <ItemGroup>
    <Filter Include="Main">
      <UniqueIdentifier>{e8dccf15-3bdd-4854-8dd2-f0ba5d770abc}</UniqueIdentifier>
    </Filter>
    <Filter Include="Utils">
      <UniqueIdentifier>{37e6aaa6-0769-426b-aa67-d42e60cd791c}</UniqueIdentifier>
    </Filter>
    <Filter Include="IOCP">
      <UniqueIdentifier>{513ba284-27d9-4f26-9bc6-0c27dc079fe4}</UniqueIdentifier>
    </Filter>
    <Filter Include="Overlapped">
      <UniqueIdentifier>{25ef3cb2-55e6-4183-ab84-6834310e4792}</UniqueIdentifier>
    </Filter>
  </ItemGroup>
  <ItemGroup>
    <ClCompile Include="GameServer.cpp">
      <Filter>Main</Filter>
    </ClCompile>
    <ClCompile Include="pch.cpp">
      <Filter>Utils</Filter>
    </ClCompile>
    <ClCompile Include="lOCPServer.cpp">
      <Filter>IOCP</Filter>
    </ClCompile>
  </ItemGroup>
  <ItemGroup>
    <ClInclude Include="pch.h">
      <Filter>Utils</Filter>
    </ClInclude>
    <ClInclude Include="lOCPServer.h">
      <Filter>IOCP</Filter>
    </ClInclude>
    <ClInclude Include="Overlapped.h">
      <Filter>Overlapped</Filter>
    </ClInclude>
  </ItemGroup>
</Project>