<?xml version="1.0" encoding="utf-8"?>
<Project ToolsVersion="4.0" xmlns="http://schemas.microsoft.com/developer/msbuild/2003">
  <ItemGroup>
    <Filter Include="Main">
      <UniqueIdentifier>{9792fe4d-0486-4a73-a045-af030becf46d}</UniqueIdentifier>
    </Filter>
    <Filter Include="Utils">
      <UniqueIdentifier>{b1fdab16-f1e0-45a4-bb9c-1c2f181c7743}</UniqueIdentifier>
    </Filter>
    <Filter Include="Client">
      <UniqueIdentifier>{574c9acc-b226-48a4-820b-4ce4cb110a60}</UniqueIdentifier>
    </Filter>
    <Filter Include="Enum">
      <UniqueIdentifier>{f1aa7514-5563-4c11-b70f-b7cf1a82d1a9}</UniqueIdentifier>
    </Filter>
    <Filter Include="Overlapped">
      <UniqueIdentifier>{5e2f35d2-9b0c-4aa1-9903-b362245d1e5d}</UniqueIdentifier>
    </Filter>
    <Filter Include="EscapeTool">
      <UniqueIdentifier>{6316b24e-157f-4065-bbde-d9af3ce23009}</UniqueIdentifier>
    </Filter>
    <Filter Include="LockQueue">
      <UniqueIdentifier>{38f14496-62ea-4677-8939-6724c5adb247}</UniqueIdentifier>
    </Filter>
  </ItemGroup>
  <ItemGroup>
    <ClCompile Include="GameServer.cpp">
      <Filter>Main</Filter>
    </ClCompile>
    <ClCompile Include="pch.cpp">
      <Filter>Utils</Filter>
    </ClCompile>
    <ClCompile Include="CLIENT.cpp">
      <Filter>Client</Filter>
    </ClCompile>
    <ClCompile Include="Overlap.cpp">
      <Filter>Overlapped</Filter>
    </ClCompile>
    <ClCompile Include="EscapeObject.cpp">
      <Filter>EscapeTool</Filter>
    </ClCompile>
    <ClCompile Include="LockQueue.cpp">
      <Filter>LockQueue</Filter>
    </ClCompile>
  </ItemGroup>
  <ItemGroup>
    <ClInclude Include="pch.h">
      <Filter>Utils</Filter>
    </ClInclude>
    <ClInclude Include="CLIENT.h">
      <Filter>Client</Filter>
    </ClInclude>
    <ClInclude Include="Overlap.h">
      <Filter>Overlapped</Filter>
    </ClInclude>
    <ClInclude Include="Enum.h">
      <Filter>Enum</Filter>
    </ClInclude>
    <ClInclude Include="EscapeObject.h">
      <Filter>EscapeTool</Filter>
    </ClInclude>
    <ClInclude Include="LockQueue.h" />
  </ItemGroup>
</Project>